
Microsoft Visual Studio Solution File, Format Version 12.00
# Visual Studio Version 17
VisualStudioVersion = 17.11.35222.181
MinimumVisualStudioVersion = 10.0.40219.1
Project("{FAE04EC0-301F-11D3-BF4B-00C04F79EFBC}") = "escaner", "escaner.csproj", "{7EDCB753-7A2E-47EF-BB5B-C9D4EF517175}"
EndProject
Global
	GlobalSection(SolutionConfigurationPlatforms) = preSolution
		Debug|Any CPU = Debug|Any CPU
		Release|Any CPU = Release|Any CPU
	EndGlobalSection
	GlobalSection(ProjectConfigurationPlatforms) = postSolution
		{7EDCB753-7A2E-47EF-BB5B-C9D4EF517175}.Debug|Any CPU.ActiveCfg = Debug|Any CPU
		{7EDCB753-7A2E-47EF-BB5B-C9D4EF517175}.Debug|Any CPU.Build.0 = Debug|Any CPU
		{7EDCB753-7A2E-47EF-BB5B-C9D4EF517175}.Release|Any CPU.ActiveCfg = Release|Any CPU
		{7EDCB753-7A2E-47EF-BB5B-C9D4EF517175}.Release|Any CPU.Build.0 = Release|Any CPU
	EndGlobalSection
	GlobalSection(SolutionProperties) = preSolution
		HideSolutionNode = FALSE
	EndGlobalSection
	GlobalSection(ExtensibilityGlobals) = postSolution
		SolutionGuid = {54A6F20A-781D-4F74-B64D-D444777FF8C0}
	EndGlobalSection
EndGlobal
